
Microsoft Visual Studio Solution File, Format Version 12.00
# Visual Studio 14
VisualStudioVersion = 14.0.25420.1
MinimumVisualStudioVersion = 10.0.40219.1
Project("{FAE04EC0-301F-11D3-BF4B-00C04F79EFBC}") = "khtTestConsoleApplication", "khtTestConsoleApplication\khtTestConsoleApplication.csproj", "{B2CB8DF7-1B43-4FC0-9280-C8238C85324E}"
EndProject
Global
	GlobalSection(SolutionConfigurationPlatforms) = preSolution
		Debug|Any CPU = Debug|Any CPU
		Release|Any CPU = Release|Any CPU
	EndGlobalSection
	GlobalSection(ProjectConfigurationPlatforms) = postSolution
		{B2CB8DF7-1B43-4FC0-9280-C8238C85324E}.Debug|Any CPU.ActiveCfg = Debug|Any CPU
		{B2CB8DF7-1B43-4FC0-9280-C8238C85324E}.Debug|Any CPU.Build.0 = Debug|Any CPU
		{B2CB8DF7-1B43-4FC0-9280-C8238C85324E}.Release|Any CPU.ActiveCfg = Release|Any CPU
		{B2CB8DF7-1B43-4FC0-9280-C8238C85324E}.Release|Any CPU.Build.0 = Release|Any CPU
	EndGlobalSection
	GlobalSection(SolutionProperties) = preSolution
		HideSolutionNode = FALSE
	EndGlobalSection
EndGlobal
